<?xml version="1.0" encoding="utf-8"?>
<Project ToolsVersion="4.0" xmlns="http://schemas.microsoft.com/developer/msbuild/2003">
  <ItemGroup>
    <Filter Include="Source Files">
      <UniqueIdentifier>{c861971c-26a6-4e0d-ac3f-18c0387d1f52}</UniqueIdentifier>
      <Extensions>cpp;c;cxx;rc;def;r;odl;idl;hpj;bat</Extensions>
    </Filter>
    <Filter Include="Header Files">
      <UniqueIdentifier>{436eafa0-ccb6-4f81-ada2-490190445054}</UniqueIdentifier>
      <Extensions>h;hpp;hxx;hm;inl</Extensions>
    </Filter>
    <Filter Include="Resource Files">
      <UniqueIdentifier>{17f35cdd-95ba-49b7-bcf2-72122a110351}</UniqueIdentifier>
      <Extensions>ico;cur;bmp;dlg;rc2;rct;bin;rgs;gif;jpg;jpeg;jpe</Extensions>
    </Filter>
  </ItemGroup>
  <ItemGroup>
    <ClCompile Include="Circle.cpp">
      <Filter>Source Files</Filter>
    </ClCompile>
    <ClCompile Include="DlgInputCircle.cpp">
      <Filter>Source Files</Filter>
    </ClCompile>
    <ClCompile Include="DlgInputPnt.cpp">
      <Filter>Source Files</Filter>
    </ClCompile>
    <ClCompile Include="DlgInputSquare.cpp">
      <Filter>Source Files</Filter>
    </ClCompile>
    <ClCompile Include="DlgTst.cpp">
      <Filter>Source Files</Filter>
    </ClCompile>
    <ClCompile Include="ex4.cpp">
      <Filter>Source Files</Filter>
    </ClCompile>
    <ClCompile Include="ex4Doc.cpp">
      <Filter>Source Files</Filter>
    </ClCompile>
    <ClCompile Include="ex4View.cpp">
      <Filter>Source Files</Filter>
    </ClCompile>
    <ClCompile Include="Geometry.cpp">
      <Filter>Source Files</Filter>
    </ClCompile>
    <ClCompile Include="MainFrm.cpp">
      <Filter>Source Files</Filter>
    </ClCompile>
    <ClCompile Include="NewCircle.cpp">
      <Filter>Source Files</Filter>
    </ClCompile>
    <ClCompile Include="PointClass.cpp">
      <Filter>Source Files</Filter>
    </ClCompile>
    <ClCompile Include="Polygon.cpp">
      <Filter>Source Files</Filter>
    </ClCompile>
    <ClCompile Include="Rect.cpp">
      <Filter>Source Files</Filter>
    </ClCompile>
    <ClCompile Include="StdAfx.cpp">
      <Filter>Source Files</Filter>
    </ClCompile>
    <ClCompile Include="TGeoBaseTool.cpp">
      <Filter>Source Files</Filter>
    </ClCompile>
    <ClCompile Include="TGToolNewLine.cpp">
      <Filter>Source Files</Filter>
    </ClCompile>
    <ClCompile Include="TGToolNewPoint.cpp">
      <Filter>Source Files</Filter>
    </ClCompile>
    <ClCompile Include="TGToolNewRect.cpp">
      <Filter>Source Files</Filter>
    </ClCompile>
    <ClCompile Include="TGToolSelHit.cpp">
      <Filter>Source Files</Filter>
    </ClCompile>
    <ClCompile Include="TPolyline.cpp">
      <Filter>Source Files</Filter>
    </ClCompile>
  </ItemGroup>
  <ItemGroup>
    <ResourceCompile Include="ex4.rc">
      <Filter>Source Files</Filter>
    </ResourceCompile>
  </ItemGroup>
  <ItemGroup>
    <ClInclude Include="Circle.h">
      <Filter>Header Files</Filter>
    </ClInclude>
    <ClInclude Include="DlgInputCircle.h">
      <Filter>Header Files</Filter>
    </ClInclude>
    <ClInclude Include="DlgInputPnt.h">
      <Filter>Header Files</Filter>
    </ClInclude>
    <ClInclude Include="DlgInputSquare.h">
      <Filter>Header Files</Filter>
    </ClInclude>
    <ClInclude Include="DlgTst.h">
      <Filter>Header Files</Filter>
    </ClInclude>
    <ClInclude Include="ex4.h">
      <Filter>Header Files</Filter>
    </ClInclude>
    <ClInclude Include="ex4Doc.h">
      <Filter>Header Files</Filter>
    </ClInclude>
    <ClInclude Include="ex4View.h">
      <Filter>Header Files</Filter>
    </ClInclude>
    <ClInclude Include="Geometry.h">
      <Filter>Header Files</Filter>
    </ClInclude>
    <ClInclude Include="Geos.h">
      <Filter>Header Files</Filter>
    </ClInclude>
    <ClInclude Include="GeoTools.h">
      <Filter>Header Files</Filter>
    </ClInclude>
    <ClInclude Include="MainFrm.h">
      <Filter>Header Files</Filter>
    </ClInclude>
    <ClInclude Include="NewCircle.h">
      <Filter>Header Files</Filter>
    </ClInclude>
    <ClInclude Include="PointClass.h">
      <Filter>Header Files</Filter>
    </ClInclude>
    <ClInclude Include="Polygon.h">
      <Filter>Header Files</Filter>
    </ClInclude>
    <ClInclude Include="Rect.h">
      <Filter>Header Files</Filter>
    </ClInclude>
    <ClInclude Include="Resource.h">
      <Filter>Header Files</Filter>
    </ClInclude>
    <ClInclude Include="StdAfx.h">
      <Filter>Header Files</Filter>
    </ClInclude>
    <ClInclude Include="TGeoBaseTool.h">
      <Filter>Header Files</Filter>
    </ClInclude>
    <ClInclude Include="TGToolNewLine.h">
      <Filter>Header Files</Filter>
    </ClInclude>
    <ClInclude Include="TGToolNewPoint.h">
      <Filter>Header Files</Filter>
    </ClInclude>
    <ClInclude Include="TGToolNewRect.h">
      <Filter>Header Files</Filter>
    </ClInclude>
    <ClInclude Include="TGToolSelHit.h">
      <Filter>Header Files</Filter>
    </ClInclude>
    <ClInclude Include="TPolyline.h">
      <Filter>Header Files</Filter>
    </ClInclude>
  </ItemGroup>
  <ItemGroup>
    <Image Include="res\ex4.ico">
      <Filter>Resource Files</Filter>
    </Image>
    <Image Include="res\ex4Doc.ico">
      <Filter>Resource Files</Filter>
    </Image>
    <Image Include="res\Toolbar.bmp">
      <Filter>Resource Files</Filter>
    </Image>
  </ItemGroup>
  <ItemGroup>
    <Text Include="ReadMe.txt" />
  </ItemGroup>
  <ItemGroup>
    <CustomBuild Include="res\ex4.rc2">
      <Filter>Resource Files</Filter>
    </CustomBuild>
  </ItemGroup>
</Project>