
Microsoft Visual Studio Solution File, Format Version 12.00
# Visual Studio 15
VisualStudioVersion = 15.0.28307.2017
MinimumVisualStudioVersion = 10.0.40219.1
Project("{8BC9CEB8-8B4A-11D0-8D11-00A0C91BC942}") = "ex4", "ex4.vcxproj", "{A692ED76-07FE-4989-9B08-D9EB92149ADD}"
EndProject
Global
	GlobalSection(SolutionConfigurationPlatforms) = preSolution
		Debug|x86 = Debug|x86
		Release|x86 = Release|x86
	EndGlobalSection
	GlobalSection(ProjectConfigurationPlatforms) = postSolution
		{A692ED76-07FE-4989-9B08-D9EB92149ADD}.Debug|x86.ActiveCfg = Debug|Win32
		{A692ED76-07FE-4989-9B08-D9EB92149ADD}.Debug|x86.Build.0 = Debug|Win32
		{A692ED76-07FE-4989-9B08-D9EB92149ADD}.Release|x86.ActiveCfg = Release|Win32
		{A692ED76-07FE-4989-9B08-D9EB92149ADD}.Release|x86.Build.0 = Release|Win32
	EndGlobalSection
	GlobalSection(SolutionProperties) = preSolution
		HideSolutionNode = FALSE
	EndGlobalSection
	GlobalSection(ExtensibilityGlobals) = postSolution
		SolutionGuid = {1945B8CC-2F15-4353-9620-CB5DECBD6CE2}
	EndGlobalSection
EndGlobal
